
Microsoft Visual Studio Solution File, Format Version 12.00
# Visual Studio Version 17
VisualStudioVersion = 17.4.33110.190
MinimumVisualStudioVersion = 10.0.40219.1
Project("{2150E333-8FDC-42A3-9474-1A3956D46DE8}") = "src", "src", "{177B0B9F-5045-493A-A156-90232095FC57}"
EndProject
Project("{2150E333-8FDC-42A3-9474-1A3956D46DE8}") = "Solution Items", "Solution Items", "{FA959F2C-BDA3-432F-87CD-C8A01A2B602F}"
EndProject
Project("{2150E333-8FDC-42A3-9474-1A3956D46DE8}") = "ApiGateways", "ApiGateways", "{6E44E90D-4085-445E-A037-3BC5AFE9F7A7}"
EndProject
Project("{2150E333-8FDC-42A3-9474-1A3956D46DE8}") = "Services", "Services", "{C357D95B-25FA-40A8-A178-46C303645A58}"
EndProject
Project("{9A19103F-16F7-4668-BE54-9A1E7A4F7556}") = "Web.ApiGateway", "src\ApiGateways\Web.ApiGateway\Web.ApiGateway.csproj", "{16BDDC4D-A5CE-484E-AC3D-2F468F83F239}"
EndProject
Project("{2150E333-8FDC-42A3-9474-1A3956D46DE8}") = "TenantService", "TenantService", "{AB5F37CD-23A9-4CA5-B8A5-316076123AFE}"
EndProject
Project("{9A19103F-16F7-4668-BE54-9A1E7A4F7556}") = "TenantService.API", "src\Services\TenantService\TenantService.API\TenantService.API.csproj", "{3853E901-9D3C-4894-B106-C92D8633C12D}"
EndProject
Project("{2150E333-8FDC-42A3-9474-1A3956D46DE8}") = "UserService", "UserService", "{282FE73B-0065-402D-9413-07B5734AD77B}"
EndProject
Project("{2150E333-8FDC-42A3-9474-1A3956D46DE8}") = "EditionService", "EditionService", "{183F7BF6-FF29-49B1-90CD-E87ED30EE323}"
EndProject
Project("{2150E333-8FDC-42A3-9474-1A3956D46DE8}") = "SessionService", "SessionService", "{3D9EF4E0-7C6C-4AD5-9DAC-AF5CB4F23521}"
EndProject
Project("{9A19103F-16F7-4668-BE54-9A1E7A4F7556}") = "SessionService.API", "src\Services\SessionService\SessionService.API\SessionService.API.csproj", "{AE1842CD-8805-4F39-B877-AF58FA0E5338}"
EndProject
Project("{9A19103F-16F7-4668-BE54-9A1E7A4F7556}") = "EditionService.API", "src\Services\EditionService\EditionService.API\EditionService.API.csproj", "{B90EE240-62ED-4E35-8CE1-094BD5326BE7}"
EndProject
Project("{9A19103F-16F7-4668-BE54-9A1E7A4F7556}") = "UserService.API", "src\Services\UserService\UserService.API\UserService.API.csproj", "{477CF94E-6BBB-456D-8525-444215B603EF}"
EndProject
Project("{9A19103F-16F7-4668-BE54-9A1E7A4F7556}") = "TenantService.Domain", "src\Services\TenantService\TenantService.Domain\TenantService.Domain.csproj", "{2EFF8CA6-B91E-44B5-AA5A-6859CA1FA538}"
EndProject
Project("{9A19103F-16F7-4668-BE54-9A1E7A4F7556}") = "TenantService.Application", "src\Services\TenantService\TenantService.Application\TenantService.Application.csproj", "{71F9644B-7250-4E4D-A573-0123E4D25F31}"
EndProject
Project("{9A19103F-16F7-4668-BE54-9A1E7A4F7556}") = "TenantService.Infrastructure", "src\Services\TenantService\TenantService.Infrastructure\TenantService.Infrastructure.csproj", "{57EF5745-D6C4-4FC3-B3ED-082AE0FD0D0D}"
EndProject
Project("{9A19103F-16F7-4668-BE54-9A1E7A4F7556}") = "TenantService.Persistance", "src\Services\TenantService\TenantService.Persistance\TenantService.Persistance.csproj", "{AEF7E925-0B8B-4D56-9FA5-CF1F53750D52}"
EndProject
Project("{E53339B2-1760-4266-BCC7-CA923CBCF16C}") = "docker-compose", "docker-compose.dcproj", "{D24909B4-4E9E-44F8-9EF0-D868C2D4F357}"
EndProject
Project("{2150E333-8FDC-42A3-9474-1A3956D46DE8}") = "IdentityService", "IdentityService", "{6D502CEB-99A1-42E2-9E6C-89961E79F030}"
EndProject
Project("{9A19103F-16F7-4668-BE54-9A1E7A4F7556}") = "IdentityService.API", "src\Services\IdentityService\IdentityService.API\IdentityService.API.csproj", "{CC2B362C-52EE-485D-B5E4-CE1D037264CC}"
EndProject
Project("{2150E333-8FDC-42A3-9474-1A3956D46DE8}") = "LocalizationService", "LocalizationService", "{AFF87134-141B-472B-8CD3-250746F666C7}"
EndProject
Project("{9A19103F-16F7-4668-BE54-9A1E7A4F7556}") = "LocalizationService.API", "src\Services\LocalizationService\LocalizationService.API\LocalizationService.API.csproj", "{DC72D662-EDE8-4CE8-BF74-A140CF2DD61F}"
EndProject
Project("{2150E333-8FDC-42A3-9474-1A3956D46DE8}") = "PaymentService", "PaymentService", "{813140BD-75E1-44BC-9DB7-339897683867}"
EndProject
Project("{9A19103F-16F7-4668-BE54-9A1E7A4F7556}") = "PaymentService.API", "src\Services\PaymentService\PaymentService.API\PaymentService.API.csproj", "{AE833658-4322-46BA-B5AB-829C0CF2F18D}"
EndProject
Project("{2150E333-8FDC-42A3-9474-1A3956D46DE8}") = "StripeService", "StripeService", "{787B3634-582B-4457-87CB-00428353ADBA}"
EndProject
Project("{9A19103F-16F7-4668-BE54-9A1E7A4F7556}") = "StripeService.API", "src\Services\StripeService\StripeService.API\StripeService.API.csproj", "{45013BDA-2413-4439-BE14-38C675596FA9}"
EndProject
Project("{9A19103F-16F7-4668-BE54-9A1E7A4F7556}") = "EditionService.Application", "src\Services\EditionService\EditionService.Application\EditionService.Application.csproj", "{0DE03B6E-BA0A-47A5-A70B-085A0CE22912}"
EndProject
Project("{9A19103F-16F7-4668-BE54-9A1E7A4F7556}") = "EditionService.Domain", "src\Services\EditionService\EditionService.Domain\EditionService.Domain.csproj", "{062847B0-5351-4972-82DD-0F2C03738A47}"
EndProject
Project("{9A19103F-16F7-4668-BE54-9A1E7A4F7556}") = "EditionService.Persistance", "src\Services\EditionService\EditionService.Persistance\EditionService.Persistance.csproj", "{94D49540-F9A8-4E1E-9157-0C2668795D8B}"
EndProject
Project("{2150E333-8FDC-42A3-9474-1A3956D46DE8}") = "EventBus", "EventBus", "{D93C9778-25E3-42CE-BDE5-A635378A2384}"
EndProject
Project("{2150E333-8FDC-42A3-9474-1A3956D46DE8}") = "RabbitMQ", "RabbitMQ", "{BCD47E75-7EEE-4CF0-9340-0FC556CA49E6}"
EndProject
Project("{2150E333-8FDC-42A3-9474-1A3956D46DE8}") = "NewFolder1", "NewFolder1", "{97A9F217-D238-4FE7-A6E6-4EC0D38D2283}"
EndProject
Project("{2150E333-8FDC-42A3-9474-1A3956D46DE8}") = "AzureServiceBus", "AzureServiceBus", "{5477B430-DAD8-41C9-9F36-2BE9FC641D63}"
EndProject
Project("{2150E333-8FDC-42A3-9474-1A3956D46DE8}") = "IEventBase", "IEventBase", "{94FC1797-D698-48E2-9E1D-A5DE61555EAD}"
EndProject
Project("{2150E333-8FDC-42A3-9474-1A3956D46DE8}") = "EventBusBase", "EventBusBase", "{86F5FFA7-8ED2-47C6-8FA0-A79712047993}"
EndProject
Project("{2150E333-8FDC-42A3-9474-1A3956D46DE8}") = "EntegrationEvent", "EntegrationEvent", "{CCF89B17-B518-4576-AA4D-35EBC8B25F0F}"
EndProject
Project("{2150E333-8FDC-42A3-9474-1A3956D46DE8}") = "ElasticService", "ElasticService", "{6E29F4A8-3AF5-41D3-A1F0-B66994738D6D}"
EndProject
Project("{9A19103F-16F7-4668-BE54-9A1E7A4F7556}") = "PaymentService.Domain", "src\Services\PaymentService\PaymentService.Domain\PaymentService.Domain.csproj", "{B1477E70-E98B-4158-ADE6-5A1E40E84F3F}"
EndProject
Project("{9A19103F-16F7-4668-BE54-9A1E7A4F7556}") = "PaymentService.Application", "src\Services\PaymentService\PaymentService.Application\PaymentService.Application.csproj", "{44745742-6DBF-44F3-90D4-62EA4D254EC0}"
EndProject
Project("{9A19103F-16F7-4668-BE54-9A1E7A4F7556}") = "PaymentService.Persistance", "src\Services\PaymentService\PaymentService.Persistance\PaymentService.Persistance.csproj", "{8376689C-E705-416C-B1BC-B8321848B12F}"
EndProject
Project("{2150E333-8FDC-42A3-9474-1A3956D46DE8}") = "Core.Tenant", "Core.Tenant", "{1D9C1508-B9BC-416A-820D-4E26997CE22B}"
EndProject
Project("{9A19103F-16F7-4668-BE54-9A1E7A4F7556}") = "CoreTenant.Domain", "src\Services\TenantService\Core.Tenant\CoreTenant.Domain\CoreTenant.Domain.csproj", "{C5B1C71A-FF00-4D1A-9150-D69EE2B16C7A}"
EndProject
Project("{9A19103F-16F7-4668-BE54-9A1E7A4F7556}") = "CoreTenant.Persistance", "src\Services\TenantService\Core.Tenant\CoreTenant.Persistance\CoreTenant.Persistance.csproj", "{126806A7-D74A-47DE-8FD7-55A10EEA4966}"
EndProject
Project("{2150E333-8FDC-42A3-9474-1A3956D46DE8}") = "Core.Edition", "Core.Edition", "{BF017403-D49E-49BC-A90C-7B268685DE8B}"
EndProject
Project("{9A19103F-16F7-4668-BE54-9A1E7A4F7556}") = "CoreEdition.Domain", "src\Services\EditionService\Core.Edition\CoreEdition.Domain\CoreEdition.Domain.csproj", "{B290D7F3-32DA-4D4A-AB3B-92541F704F92}"
EndProject
Project("{9A19103F-16F7-4668-BE54-9A1E7A4F7556}") = "CoreEdition.Persistance", "src\Services\EditionService\Core.Edition\CoreEdition.Persistance\CoreEdition.Persistance.csproj", "{37038053-669B-4881-87DB-3727B13C4AF2}"
EndProject
Project("{2150E333-8FDC-42A3-9474-1A3956D46DE8}") = "Core.Payment", "Core.Payment", "{C4605EDA-E4CB-42BD-AB3D-9C1AEF608D24}"
EndProject
Project("{9A19103F-16F7-4668-BE54-9A1E7A4F7556}") = "CorePayment.Domain", "src\Services\PaymentService\Core.Payment\CorePayment.Domain\CorePayment.Domain.csproj", "{6A055ED5-9E0A-4493-BE14-F246645C0623}"
EndProject
Project("{9A19103F-16F7-4668-BE54-9A1E7A4F7556}") = "CorePayment.Persistance", "src\Services\PaymentService\Core.Payment\CorePayment.Persistance\CorePayment.Persistance.csproj", "{3F417D1E-233D-4539-A0A0-5588DBD01612}"
EndProject
Project("{2150E333-8FDC-42A3-9474-1A3956D46DE8}") = "Core.User", "Core.User", "{CD953E2C-C673-479C-9D6A-76A7F4D5299D}"
EndProject
Project("{9A19103F-16F7-4668-BE54-9A1E7A4F7556}") = "UserService.Domain", "src\Services\UserService\UserService.Domain\UserService.Domain.csproj", "{29287D17-913E-44F9-A881-F1F3D8ED05F4}"
EndProject
Project("{9A19103F-16F7-4668-BE54-9A1E7A4F7556}") = "UserService.Application", "src\Services\UserService\UserService.Application\UserService.Application.csproj", "{83AEA8C6-F079-4FF3-B4F2-A874F7A7CD66}"
EndProject
Project("{9A19103F-16F7-4668-BE54-9A1E7A4F7556}") = "UserService.Persistance", "src\Services\UserService\UserService.Persistance\UserService.Persistance.csproj", "{EF9463B4-CFE8-4001-A220-6C5967DA7E03}"
EndProject
Project("{9A19103F-16F7-4668-BE54-9A1E7A4F7556}") = "CoreUser.Domain", "src\Services\UserService\Core.User\CoreUser.Domain\CoreUser.Domain.csproj", "{12A23014-BFAE-4CD8-87D9-E54328DAACD9}"
EndProject
Project("{9A19103F-16F7-4668-BE54-9A1E7A4F7556}") = "CoreUser.Persistance", "src\Services\UserService\Core.User\CoreUser.Persistance\CoreUser.Persistance.csproj", "{25EA1BDD-3032-4250-AD08-D141428384B9}"
EndProject
Project("{9A19103F-16F7-4668-BE54-9A1E7A4F7556}") = "IdentityService.Domain", "src\Services\IdentityService\IdentityService.Domain\IdentityService.Domain.csproj", "{81174788-CA5E-43EA-B6A4-50F6D28DDAAE}"
EndProject
Project("{9A19103F-16F7-4668-BE54-9A1E7A4F7556}") = "IdentityService.Application", "src\Services\IdentityService\IdentityService.Application\IdentityService.Application.csproj", "{EA7C4B0A-D9F6-4A10-B864-95744D180E5F}"
EndProject
Project("{9A19103F-16F7-4668-BE54-9A1E7A4F7556}") = "IdentityService.Persistance", "src\Services\IdentityService\IdentityService.Persistance\IdentityService.Persistance.csproj", "{F583D128-B5F8-45FC-B549-C1C4AB3FFB1B}"
EndProject
Project("{2150E333-8FDC-42A3-9474-1A3956D46DE8}") = "SmtpMailService", "SmtpMailService", "{782CB137-F505-4165-A425-6948960CFF5D}"
EndProject
Project("{9A19103F-16F7-4668-BE54-9A1E7A4F7556}") = "SmtpMailService.API", "src\Services\SmtpMailService\SmtpMailService.Api\SmtpMailService.API.csproj", "{8AEEF9F3-7216-4C64-9BB6-710183EA2AFC}"
EndProject
Project("{2150E333-8FDC-42A3-9474-1A3956D46DE8}") = "ElasticSearch", "ElasticSearch", "{9271C3A5-1418-40AF-A298-DB8A8D720FAE}"
	ProjectSection(SolutionItems) = preProject
		src\Services\ElasticService\ElasticSearch\elasticsearch.yml = src\Services\ElasticService\ElasticSearch\elasticsearch.yml
	EndProjectSection
EndProject
Project("{2150E333-8FDC-42A3-9474-1A3956D46DE8}") = "Kibana", "Kibana", "{5991AE0C-0EF3-491B-BA70-FBE827453885}"
	ProjectSection(SolutionItems) = preProject
		kibana.yml = kibana.yml
	EndProjectSection
EndProject
Project("{2150E333-8FDC-42A3-9474-1A3956D46DE8}") = "Logstash", "Logstash", "{09A387C1-368C-4678-B006-11B32C1F7CF5}"
	ProjectSection(SolutionItems) = preProject
		logstash.yml = logstash.yml
	EndProjectSection
EndProject
Global
	GlobalSection(SolutionConfigurationPlatforms) = preSolution
		Debug|Any CPU = Debug|Any CPU
		Release|Any CPU = Release|Any CPU
	EndGlobalSection
	GlobalSection(ProjectConfigurationPlatforms) = postSolution
		{16BDDC4D-A5CE-484E-AC3D-2F468F83F239}.Debug|Any CPU.ActiveCfg = Debug|Any CPU
		{16BDDC4D-A5CE-484E-AC3D-2F468F83F239}.Debug|Any CPU.Build.0 = Debug|Any CPU
		{16BDDC4D-A5CE-484E-AC3D-2F468F83F239}.Release|Any CPU.ActiveCfg = Release|Any CPU
		{16BDDC4D-A5CE-484E-AC3D-2F468F83F239}.Release|Any CPU.Build.0 = Release|Any CPU
		{3853E901-9D3C-4894-B106-C92D8633C12D}.Debug|Any CPU.ActiveCfg = Debug|Any CPU
		{3853E901-9D3C-4894-B106-C92D8633C12D}.Debug|Any CPU.Build.0 = Debug|Any CPU
		{3853E901-9D3C-4894-B106-C92D8633C12D}.Release|Any CPU.ActiveCfg = Release|Any CPU
		{3853E901-9D3C-4894-B106-C92D8633C12D}.Release|Any CPU.Build.0 = Release|Any CPU
		{AE1842CD-8805-4F39-B877-AF58FA0E5338}.Debug|Any CPU.ActiveCfg = Debug|Any CPU
		{AE1842CD-8805-4F39-B877-AF58FA0E5338}.Debug|Any CPU.Build.0 = Debug|Any CPU
		{AE1842CD-8805-4F39-B877-AF58FA0E5338}.Release|Any CPU.ActiveCfg = Release|Any CPU
		{AE1842CD-8805-4F39-B877-AF58FA0E5338}.Release|Any CPU.Build.0 = Release|Any CPU
		{B90EE240-62ED-4E35-8CE1-094BD5326BE7}.Debug|Any CPU.ActiveCfg = Debug|Any CPU
		{B90EE240-62ED-4E35-8CE1-094BD5326BE7}.Debug|Any CPU.Build.0 = Debug|Any CPU
		{B90EE240-62ED-4E35-8CE1-094BD5326BE7}.Release|Any CPU.ActiveCfg = Release|Any CPU
		{B90EE240-62ED-4E35-8CE1-094BD5326BE7}.Release|Any CPU.Build.0 = Release|Any CPU
		{477CF94E-6BBB-456D-8525-444215B603EF}.Debug|Any CPU.ActiveCfg = Debug|Any CPU
		{477CF94E-6BBB-456D-8525-444215B603EF}.Debug|Any CPU.Build.0 = Debug|Any CPU
		{477CF94E-6BBB-456D-8525-444215B603EF}.Release|Any CPU.ActiveCfg = Release|Any CPU
		{477CF94E-6BBB-456D-8525-444215B603EF}.Release|Any CPU.Build.0 = Release|Any CPU
		{2EFF8CA6-B91E-44B5-AA5A-6859CA1FA538}.Debug|Any CPU.ActiveCfg = Debug|Any CPU
		{2EFF8CA6-B91E-44B5-AA5A-6859CA1FA538}.Debug|Any CPU.Build.0 = Debug|Any CPU
		{2EFF8CA6-B91E-44B5-AA5A-6859CA1FA538}.Release|Any CPU.ActiveCfg = Release|Any CPU
		{2EFF8CA6-B91E-44B5-AA5A-6859CA1FA538}.Release|Any CPU.Build.0 = Release|Any CPU
		{71F9644B-7250-4E4D-A573-0123E4D25F31}.Debug|Any CPU.ActiveCfg = Debug|Any CPU
		{71F9644B-7250-4E4D-A573-0123E4D25F31}.Debug|Any CPU.Build.0 = Debug|Any CPU
		{71F9644B-7250-4E4D-A573-0123E4D25F31}.Release|Any CPU.ActiveCfg = Release|Any CPU
		{71F9644B-7250-4E4D-A573-0123E4D25F31}.Release|Any CPU.Build.0 = Release|Any CPU
		{57EF5745-D6C4-4FC3-B3ED-082AE0FD0D0D}.Debug|Any CPU.ActiveCfg = Debug|Any CPU
		{57EF5745-D6C4-4FC3-B3ED-082AE0FD0D0D}.Debug|Any CPU.Build.0 = Debug|Any CPU
		{57EF5745-D6C4-4FC3-B3ED-082AE0FD0D0D}.Release|Any CPU.ActiveCfg = Release|Any CPU
		{57EF5745-D6C4-4FC3-B3ED-082AE0FD0D0D}.Release|Any CPU.Build.0 = Release|Any CPU
		{AEF7E925-0B8B-4D56-9FA5-CF1F53750D52}.Debug|Any CPU.ActiveCfg = Debug|Any CPU
		{AEF7E925-0B8B-4D56-9FA5-CF1F53750D52}.Debug|Any CPU.Build.0 = Debug|Any CPU
		{AEF7E925-0B8B-4D56-9FA5-CF1F53750D52}.Release|Any CPU.ActiveCfg = Release|Any CPU
		{AEF7E925-0B8B-4D56-9FA5-CF1F53750D52}.Release|Any CPU.Build.0 = Release|Any CPU
		{D24909B4-4E9E-44F8-9EF0-D868C2D4F357}.Debug|Any CPU.ActiveCfg = Debug|Any CPU
		{D24909B4-4E9E-44F8-9EF0-D868C2D4F357}.Debug|Any CPU.Build.0 = Debug|Any CPU
		{D24909B4-4E9E-44F8-9EF0-D868C2D4F357}.Release|Any CPU.ActiveCfg = Release|Any CPU
		{D24909B4-4E9E-44F8-9EF0-D868C2D4F357}.Release|Any CPU.Build.0 = Release|Any CPU
		{CC2B362C-52EE-485D-B5E4-CE1D037264CC}.Debug|Any CPU.ActiveCfg = Debug|Any CPU
		{CC2B362C-52EE-485D-B5E4-CE1D037264CC}.Debug|Any CPU.Build.0 = Debug|Any CPU
		{CC2B362C-52EE-485D-B5E4-CE1D037264CC}.Release|Any CPU.ActiveCfg = Release|Any CPU
		{CC2B362C-52EE-485D-B5E4-CE1D037264CC}.Release|Any CPU.Build.0 = Release|Any CPU
		{DC72D662-EDE8-4CE8-BF74-A140CF2DD61F}.Debug|Any CPU.ActiveCfg = Debug|Any CPU
		{DC72D662-EDE8-4CE8-BF74-A140CF2DD61F}.Debug|Any CPU.Build.0 = Debug|Any CPU
		{DC72D662-EDE8-4CE8-BF74-A140CF2DD61F}.Release|Any CPU.ActiveCfg = Release|Any CPU
		{DC72D662-EDE8-4CE8-BF74-A140CF2DD61F}.Release|Any CPU.Build.0 = Release|Any CPU
		{AE833658-4322-46BA-B5AB-829C0CF2F18D}.Debug|Any CPU.ActiveCfg = Debug|Any CPU
		{AE833658-4322-46BA-B5AB-829C0CF2F18D}.Debug|Any CPU.Build.0 = Debug|Any CPU
		{AE833658-4322-46BA-B5AB-829C0CF2F18D}.Release|Any CPU.ActiveCfg = Release|Any CPU
		{AE833658-4322-46BA-B5AB-829C0CF2F18D}.Release|Any CPU.Build.0 = Release|Any CPU
		{45013BDA-2413-4439-BE14-38C675596FA9}.Debug|Any CPU.ActiveCfg = Debug|Any CPU
		{45013BDA-2413-4439-BE14-38C675596FA9}.Debug|Any CPU.Build.0 = Debug|Any CPU
		{45013BDA-2413-4439-BE14-38C675596FA9}.Release|Any CPU.ActiveCfg = Release|Any CPU
		{45013BDA-2413-4439-BE14-38C675596FA9}.Release|Any CPU.Build.0 = Release|Any CPU
		{0DE03B6E-BA0A-47A5-A70B-085A0CE22912}.Debug|Any CPU.ActiveCfg = Debug|Any CPU
		{0DE03B6E-BA0A-47A5-A70B-085A0CE22912}.Debug|Any CPU.Build.0 = Debug|Any CPU
		{0DE03B6E-BA0A-47A5-A70B-085A0CE22912}.Release|Any CPU.ActiveCfg = Release|Any CPU
		{0DE03B6E-BA0A-47A5-A70B-085A0CE22912}.Release|Any CPU.Build.0 = Release|Any CPU
		{062847B0-5351-4972-82DD-0F2C03738A47}.Debug|Any CPU.ActiveCfg = Debug|Any CPU
		{062847B0-5351-4972-82DD-0F2C03738A47}.Debug|Any CPU.Build.0 = Debug|Any CPU
		{062847B0-5351-4972-82DD-0F2C03738A47}.Release|Any CPU.ActiveCfg = Release|Any CPU
		{062847B0-5351-4972-82DD-0F2C03738A47}.Release|Any CPU.Build.0 = Release|Any CPU
		{94D49540-F9A8-4E1E-9157-0C2668795D8B}.Debug|Any CPU.ActiveCfg = Debug|Any CPU
		{94D49540-F9A8-4E1E-9157-0C2668795D8B}.Debug|Any CPU.Build.0 = Debug|Any CPU
		{94D49540-F9A8-4E1E-9157-0C2668795D8B}.Release|Any CPU.ActiveCfg = Release|Any CPU
		{94D49540-F9A8-4E1E-9157-0C2668795D8B}.Release|Any CPU.Build.0 = Release|Any CPU
		{B1477E70-E98B-4158-ADE6-5A1E40E84F3F}.Debug|Any CPU.ActiveCfg = Debug|Any CPU
		{B1477E70-E98B-4158-ADE6-5A1E40E84F3F}.Debug|Any CPU.Build.0 = Debug|Any CPU
		{B1477E70-E98B-4158-ADE6-5A1E40E84F3F}.Release|Any CPU.ActiveCfg = Release|Any CPU
		{B1477E70-E98B-4158-ADE6-5A1E40E84F3F}.Release|Any CPU.Build.0 = Release|Any CPU
		{44745742-6DBF-44F3-90D4-62EA4D254EC0}.Debug|Any CPU.ActiveCfg = Debug|Any CPU
		{44745742-6DBF-44F3-90D4-62EA4D254EC0}.Debug|Any CPU.Build.0 = Debug|Any CPU
		{44745742-6DBF-44F3-90D4-62EA4D254EC0}.Release|Any CPU.ActiveCfg = Release|Any CPU
		{44745742-6DBF-44F3-90D4-62EA4D254EC0}.Release|Any CPU.Build.0 = Release|Any CPU
		{8376689C-E705-416C-B1BC-B8321848B12F}.Debug|Any CPU.ActiveCfg = Debug|Any CPU
		{8376689C-E705-416C-B1BC-B8321848B12F}.Debug|Any CPU.Build.0 = Debug|Any CPU
		{8376689C-E705-416C-B1BC-B8321848B12F}.Release|Any CPU.ActiveCfg = Release|Any CPU
		{8376689C-E705-416C-B1BC-B8321848B12F}.Release|Any CPU.Build.0 = Release|Any CPU
		{C5B1C71A-FF00-4D1A-9150-D69EE2B16C7A}.Debug|Any CPU.ActiveCfg = Debug|Any CPU
		{C5B1C71A-FF00-4D1A-9150-D69EE2B16C7A}.Debug|Any CPU.Build.0 = Debug|Any CPU
		{C5B1C71A-FF00-4D1A-9150-D69EE2B16C7A}.Release|Any CPU.ActiveCfg = Release|Any CPU
		{C5B1C71A-FF00-4D1A-9150-D69EE2B16C7A}.Release|Any CPU.Build.0 = Release|Any CPU
		{126806A7-D74A-47DE-8FD7-55A10EEA4966}.Debug|Any CPU.ActiveCfg = Debug|Any CPU
		{126806A7-D74A-47DE-8FD7-55A10EEA4966}.Debug|Any CPU.Build.0 = Debug|Any CPU
		{126806A7-D74A-47DE-8FD7-55A10EEA4966}.Release|Any CPU.ActiveCfg = Release|Any CPU
		{126806A7-D74A-47DE-8FD7-55A10EEA4966}.Release|Any CPU.Build.0 = Release|Any CPU
		{B290D7F3-32DA-4D4A-AB3B-92541F704F92}.Debug|Any CPU.ActiveCfg = Debug|Any CPU
		{B290D7F3-32DA-4D4A-AB3B-92541F704F92}.Debug|Any CPU.Build.0 = Debug|Any CPU
		{B290D7F3-32DA-4D4A-AB3B-92541F704F92}.Release|Any CPU.ActiveCfg = Release|Any CPU
		{B290D7F3-32DA-4D4A-AB3B-92541F704F92}.Release|Any CPU.Build.0 = Release|Any CPU
		{37038053-669B-4881-87DB-3727B13C4AF2}.Debug|Any CPU.ActiveCfg = Debug|Any CPU
		{37038053-669B-4881-87DB-3727B13C4AF2}.Debug|Any CPU.Build.0 = Debug|Any CPU
		{37038053-669B-4881-87DB-3727B13C4AF2}.Release|Any CPU.ActiveCfg = Release|Any CPU
		{37038053-669B-4881-87DB-3727B13C4AF2}.Release|Any CPU.Build.0 = Release|Any CPU
		{6A055ED5-9E0A-4493-BE14-F246645C0623}.Debug|Any CPU.ActiveCfg = Debug|Any CPU
		{6A055ED5-9E0A-4493-BE14-F246645C0623}.Debug|Any CPU.Build.0 = Debug|Any CPU
		{6A055ED5-9E0A-4493-BE14-F246645C0623}.Release|Any CPU.ActiveCfg = Release|Any CPU
		{6A055ED5-9E0A-4493-BE14-F246645C0623}.Release|Any CPU.Build.0 = Release|Any CPU
		{3F417D1E-233D-4539-A0A0-5588DBD01612}.Debug|Any CPU.ActiveCfg = Debug|Any CPU
		{3F417D1E-233D-4539-A0A0-5588DBD01612}.Debug|Any CPU.Build.0 = Debug|Any CPU
		{3F417D1E-233D-4539-A0A0-5588DBD01612}.Release|Any CPU.ActiveCfg = Release|Any CPU
		{3F417D1E-233D-4539-A0A0-5588DBD01612}.Release|Any CPU.Build.0 = Release|Any CPU
		{29287D17-913E-44F9-A881-F1F3D8ED05F4}.Debug|Any CPU.ActiveCfg = Debug|Any CPU
		{29287D17-913E-44F9-A881-F1F3D8ED05F4}.Debug|Any CPU.Build.0 = Debug|Any CPU
		{29287D17-913E-44F9-A881-F1F3D8ED05F4}.Release|Any CPU.ActiveCfg = Release|Any CPU
		{29287D17-913E-44F9-A881-F1F3D8ED05F4}.Release|Any CPU.Build.0 = Release|Any CPU
		{83AEA8C6-F079-4FF3-B4F2-A874F7A7CD66}.Debug|Any CPU.ActiveCfg = Debug|Any CPU
		{83AEA8C6-F079-4FF3-B4F2-A874F7A7CD66}.Debug|Any CPU.Build.0 = Debug|Any CPU
		{83AEA8C6-F079-4FF3-B4F2-A874F7A7CD66}.Release|Any CPU.ActiveCfg = Release|Any CPU
		{83AEA8C6-F079-4FF3-B4F2-A874F7A7CD66}.Release|Any CPU.Build.0 = Release|Any CPU
		{EF9463B4-CFE8-4001-A220-6C5967DA7E03}.Debug|Any CPU.ActiveCfg = Debug|Any CPU
		{EF9463B4-CFE8-4001-A220-6C5967DA7E03}.Debug|Any CPU.Build.0 = Debug|Any CPU
		{EF9463B4-CFE8-4001-A220-6C5967DA7E03}.Release|Any CPU.ActiveCfg = Release|Any CPU
		{EF9463B4-CFE8-4001-A220-6C5967DA7E03}.Release|Any CPU.Build.0 = Release|Any CPU
		{12A23014-BFAE-4CD8-87D9-E54328DAACD9}.Debug|Any CPU.ActiveCfg = Debug|Any CPU
		{12A23014-BFAE-4CD8-87D9-E54328DAACD9}.Debug|Any CPU.Build.0 = Debug|Any CPU
		{12A23014-BFAE-4CD8-87D9-E54328DAACD9}.Release|Any CPU.ActiveCfg = Release|Any CPU
		{12A23014-BFAE-4CD8-87D9-E54328DAACD9}.Release|Any CPU.Build.0 = Release|Any CPU
		{25EA1BDD-3032-4250-AD08-D141428384B9}.Debug|Any CPU.ActiveCfg = Debug|Any CPU
		{25EA1BDD-3032-4250-AD08-D141428384B9}.Debug|Any CPU.Build.0 = Debug|Any CPU
		{25EA1BDD-3032-4250-AD08-D141428384B9}.Release|Any CPU.ActiveCfg = Release|Any CPU
		{25EA1BDD-3032-4250-AD08-D141428384B9}.Release|Any CPU.Build.0 = Release|Any CPU
		{81174788-CA5E-43EA-B6A4-50F6D28DDAAE}.Debug|Any CPU.ActiveCfg = Debug|Any CPU
		{81174788-CA5E-43EA-B6A4-50F6D28DDAAE}.Debug|Any CPU.Build.0 = Debug|Any CPU
		{81174788-CA5E-43EA-B6A4-50F6D28DDAAE}.Release|Any CPU.ActiveCfg = Release|Any CPU
		{81174788-CA5E-43EA-B6A4-50F6D28DDAAE}.Release|Any CPU.Build.0 = Release|Any CPU
		{EA7C4B0A-D9F6-4A10-B864-95744D180E5F}.Debug|Any CPU.ActiveCfg = Debug|Any CPU
		{EA7C4B0A-D9F6-4A10-B864-95744D180E5F}.Debug|Any CPU.Build.0 = Debug|Any CPU
		{EA7C4B0A-D9F6-4A10-B864-95744D180E5F}.Release|Any CPU.ActiveCfg = Release|Any CPU
		{EA7C4B0A-D9F6-4A10-B864-95744D180E5F}.Release|Any CPU.Build.0 = Release|Any CPU
		{F583D128-B5F8-45FC-B549-C1C4AB3FFB1B}.Debug|Any CPU.ActiveCfg = Debug|Any CPU
		{F583D128-B5F8-45FC-B549-C1C4AB3FFB1B}.Debug|Any CPU.Build.0 = Debug|Any CPU
		{F583D128-B5F8-45FC-B549-C1C4AB3FFB1B}.Release|Any CPU.ActiveCfg = Release|Any CPU
		{F583D128-B5F8-45FC-B549-C1C4AB3FFB1B}.Release|Any CPU.Build.0 = Release|Any CPU
		{8AEEF9F3-7216-4C64-9BB6-710183EA2AFC}.Debug|Any CPU.ActiveCfg = Debug|Any CPU
		{8AEEF9F3-7216-4C64-9BB6-710183EA2AFC}.Debug|Any CPU.Build.0 = Debug|Any CPU
		{8AEEF9F3-7216-4C64-9BB6-710183EA2AFC}.Release|Any CPU.ActiveCfg = Release|Any CPU
		{8AEEF9F3-7216-4C64-9BB6-710183EA2AFC}.Release|Any CPU.Build.0 = Release|Any CPU
	EndGlobalSection
	GlobalSection(SolutionProperties) = preSolution
		HideSolutionNode = FALSE
	EndGlobalSection
	GlobalSection(NestedProjects) = preSolution
		{6E44E90D-4085-445E-A037-3BC5AFE9F7A7} = {177B0B9F-5045-493A-A156-90232095FC57}
		{C357D95B-25FA-40A8-A178-46C303645A58} = {177B0B9F-5045-493A-A156-90232095FC57}
		{16BDDC4D-A5CE-484E-AC3D-2F468F83F239} = {6E44E90D-4085-445E-A037-3BC5AFE9F7A7}
		{AB5F37CD-23A9-4CA5-B8A5-316076123AFE} = {C357D95B-25FA-40A8-A178-46C303645A58}
		{3853E901-9D3C-4894-B106-C92D8633C12D} = {AB5F37CD-23A9-4CA5-B8A5-316076123AFE}
		{282FE73B-0065-402D-9413-07B5734AD77B} = {C357D95B-25FA-40A8-A178-46C303645A58}
		{183F7BF6-FF29-49B1-90CD-E87ED30EE323} = {C357D95B-25FA-40A8-A178-46C303645A58}
		{3D9EF4E0-7C6C-4AD5-9DAC-AF5CB4F23521} = {C357D95B-25FA-40A8-A178-46C303645A58}
		{AE1842CD-8805-4F39-B877-AF58FA0E5338} = {3D9EF4E0-7C6C-4AD5-9DAC-AF5CB4F23521}
		{B90EE240-62ED-4E35-8CE1-094BD5326BE7} = {183F7BF6-FF29-49B1-90CD-E87ED30EE323}
		{477CF94E-6BBB-456D-8525-444215B603EF} = {282FE73B-0065-402D-9413-07B5734AD77B}
		{2EFF8CA6-B91E-44B5-AA5A-6859CA1FA538} = {AB5F37CD-23A9-4CA5-B8A5-316076123AFE}
		{71F9644B-7250-4E4D-A573-0123E4D25F31} = {AB5F37CD-23A9-4CA5-B8A5-316076123AFE}
		{57EF5745-D6C4-4FC3-B3ED-082AE0FD0D0D} = {AB5F37CD-23A9-4CA5-B8A5-316076123AFE}
		{AEF7E925-0B8B-4D56-9FA5-CF1F53750D52} = {AB5F37CD-23A9-4CA5-B8A5-316076123AFE}
		{6D502CEB-99A1-42E2-9E6C-89961E79F030} = {C357D95B-25FA-40A8-A178-46C303645A58}
		{CC2B362C-52EE-485D-B5E4-CE1D037264CC} = {6D502CEB-99A1-42E2-9E6C-89961E79F030}
		{AFF87134-141B-472B-8CD3-250746F666C7} = {C357D95B-25FA-40A8-A178-46C303645A58}
		{DC72D662-EDE8-4CE8-BF74-A140CF2DD61F} = {AFF87134-141B-472B-8CD3-250746F666C7}
		{813140BD-75E1-44BC-9DB7-339897683867} = {C357D95B-25FA-40A8-A178-46C303645A58}
		{AE833658-4322-46BA-B5AB-829C0CF2F18D} = {813140BD-75E1-44BC-9DB7-339897683867}
		{787B3634-582B-4457-87CB-00428353ADBA} = {C357D95B-25FA-40A8-A178-46C303645A58}
		{45013BDA-2413-4439-BE14-38C675596FA9} = {787B3634-582B-4457-87CB-00428353ADBA}
		{0DE03B6E-BA0A-47A5-A70B-085A0CE22912} = {183F7BF6-FF29-49B1-90CD-E87ED30EE323}
		{062847B0-5351-4972-82DD-0F2C03738A47} = {183F7BF6-FF29-49B1-90CD-E87ED30EE323}
		{94D49540-F9A8-4E1E-9157-0C2668795D8B} = {183F7BF6-FF29-49B1-90CD-E87ED30EE323}
		{D93C9778-25E3-42CE-BDE5-A635378A2384} = {177B0B9F-5045-493A-A156-90232095FC57}
		{BCD47E75-7EEE-4CF0-9340-0FC556CA49E6} = {D93C9778-25E3-42CE-BDE5-A635378A2384}
		{97A9F217-D238-4FE7-A6E6-4EC0D38D2283} = {BCD47E75-7EEE-4CF0-9340-0FC556CA49E6}
		{5477B430-DAD8-41C9-9F36-2BE9FC641D63} = {D93C9778-25E3-42CE-BDE5-A635378A2384}
		{94FC1797-D698-48E2-9E1D-A5DE61555EAD} = {5477B430-DAD8-41C9-9F36-2BE9FC641D63}
		{86F5FFA7-8ED2-47C6-8FA0-A79712047993} = {D93C9778-25E3-42CE-BDE5-A635378A2384}
		{CCF89B17-B518-4576-AA4D-35EBC8B25F0F} = {86F5FFA7-8ED2-47C6-8FA0-A79712047993}
		{6E29F4A8-3AF5-41D3-A1F0-B66994738D6D} = {C357D95B-25FA-40A8-A178-46C303645A58}
		{B1477E70-E98B-4158-ADE6-5A1E40E84F3F} = {813140BD-75E1-44BC-9DB7-339897683867}
		{44745742-6DBF-44F3-90D4-62EA4D254EC0} = {813140BD-75E1-44BC-9DB7-339897683867}
		{8376689C-E705-416C-B1BC-B8321848B12F} = {813140BD-75E1-44BC-9DB7-339897683867}
		{1D9C1508-B9BC-416A-820D-4E26997CE22B} = {AB5F37CD-23A9-4CA5-B8A5-316076123AFE}
		{C5B1C71A-FF00-4D1A-9150-D69EE2B16C7A} = {1D9C1508-B9BC-416A-820D-4E26997CE22B}
		{126806A7-D74A-47DE-8FD7-55A10EEA4966} = {1D9C1508-B9BC-416A-820D-4E26997CE22B}
		{BF017403-D49E-49BC-A90C-7B268685DE8B} = {183F7BF6-FF29-49B1-90CD-E87ED30EE323}
		{B290D7F3-32DA-4D4A-AB3B-92541F704F92} = {BF017403-D49E-49BC-A90C-7B268685DE8B}
		{37038053-669B-4881-87DB-3727B13C4AF2} = {BF017403-D49E-49BC-A90C-7B268685DE8B}
		{C4605EDA-E4CB-42BD-AB3D-9C1AEF608D24} = {813140BD-75E1-44BC-9DB7-339897683867}
		{6A055ED5-9E0A-4493-BE14-F246645C0623} = {C4605EDA-E4CB-42BD-AB3D-9C1AEF608D24}
		{3F417D1E-233D-4539-A0A0-5588DBD01612} = {C4605EDA-E4CB-42BD-AB3D-9C1AEF608D24}
		{CD953E2C-C673-479C-9D6A-76A7F4D5299D} = {282FE73B-0065-402D-9413-07B5734AD77B}
		{29287D17-913E-44F9-A881-F1F3D8ED05F4} = {282FE73B-0065-402D-9413-07B5734AD77B}
		{83AEA8C6-F079-4FF3-B4F2-A874F7A7CD66} = {282FE73B-0065-402D-9413-07B5734AD77B}
		{EF9463B4-CFE8-4001-A220-6C5967DA7E03} = {282FE73B-0065-402D-9413-07B5734AD77B}
		{12A23014-BFAE-4CD8-87D9-E54328DAACD9} = {CD953E2C-C673-479C-9D6A-76A7F4D5299D}
		{25EA1BDD-3032-4250-AD08-D141428384B9} = {CD953E2C-C673-479C-9D6A-76A7F4D5299D}
		{81174788-CA5E-43EA-B6A4-50F6D28DDAAE} = {6D502CEB-99A1-42E2-9E6C-89961E79F030}
		{EA7C4B0A-D9F6-4A10-B864-95744D180E5F} = {6D502CEB-99A1-42E2-9E6C-89961E79F030}
		{F583D128-B5F8-45FC-B549-C1C4AB3FFB1B} = {6D502CEB-99A1-42E2-9E6C-89961E79F030}
		{782CB137-F505-4165-A425-6948960CFF5D} = {C357D95B-25FA-40A8-A178-46C303645A58}
		{8AEEF9F3-7216-4C64-9BB6-710183EA2AFC} = {782CB137-F505-4165-A425-6948960CFF5D}
		{9271C3A5-1418-40AF-A298-DB8A8D720FAE} = {6E29F4A8-3AF5-41D3-A1F0-B66994738D6D}
		{5991AE0C-0EF3-491B-BA70-FBE827453885} = {6E29F4A8-3AF5-41D3-A1F0-B66994738D6D}
		{09A387C1-368C-4678-B006-11B32C1F7CF5} = {6E29F4A8-3AF5-41D3-A1F0-B66994738D6D}
	EndGlobalSection
	GlobalSection(ExtensibilityGlobals) = postSolution
		SolutionGuid = {3C984A8B-1A6C-4488-B9CF-D39DDA42A73C}
	EndGlobalSection
EndGlobal
